
Microsoft Visual Studio Solution File, Format Version 12.00
# Visual Studio Version 17
VisualStudioVersion = 17.7.34031.279
MinimumVisualStudioVersion = 10.0.40219.1
Project("{9A19103F-16F7-4668-BE54-9A1E7A4F7556}") = "Proje-B201210567", "Proje-B201210567\Proje-B201210567.csproj", "{719877A5-E710-4A92-8B21-BE109C477BE6}"
EndProject
Global
	GlobalSection(SolutionConfigurationPlatforms) = preSolution
		Debug|Any CPU = Debug|Any CPU
		Release|Any CPU = Release|Any CPU
	EndGlobalSection
	GlobalSection(ProjectConfigurationPlatforms) = postSolution
		{719877A5-E710-4A92-8B21-BE109C477BE6}.Debug|Any CPU.ActiveCfg = Debug|Any CPU
		{719877A5-E710-4A92-8B21-BE109C477BE6}.Debug|Any CPU.Build.0 = Debug|Any CPU
		{719877A5-E710-4A92-8B21-BE109C477BE6}.Release|Any CPU.ActiveCfg = Release|Any CPU
		{719877A5-E710-4A92-8B21-BE109C477BE6}.Release|Any CPU.Build.0 = Release|Any CPU
	EndGlobalSection
	GlobalSection(SolutionProperties) = preSolution
		HideSolutionNode = FALSE
	EndGlobalSection
	GlobalSection(ExtensibilityGlobals) = postSolution
		SolutionGuid = {D6B0CD80-CABE-4556-BA5E-37F3B6D5B5DE}
	EndGlobalSection
EndGlobal
